// !$*UTF8*$!
{
	archiveVersion = 1;
	classes = {
	};
	objectVersion = 50;
	objects = {

/* Begin PBXBuildFile section */
		1A36D6472201F9B200698D2C /* AppDelegate.swift in Sources */ = {isa = PBXBuildFile; fileRef = 1A36D6462201F9B200698D2C /* AppDelegate.swift */; };
		1A36D6492201F9B200698D2C /* ViewController.swift in Sources */ = {isa = PBXBuildFile; fileRef = 1A36D6482201F9B200698D2C /* ViewController.swift */; };
		1A36D64C2201F9B200698D2C /* Main.storyboard in Resources */ = {isa = PBXBuildFile; fileRef = 1A36D64A2201F9B200698D2C /* Main.storyboard */; };
		1A36D64E2201F9B400698D2C /* Assets.xcassets in Resources */ = {isa = PBXBuildFile; fileRef = 1A36D64D2201F9B400698D2C /* Assets.xcassets */; };
		1A36D6512201F9B400698D2C /* LaunchScreen.storyboard in Resources */ = {isa = PBXBuildFile; fileRef = 1A36D64F2201F9B400698D2C /* LaunchScreen.storyboard */; };
		1A36D65C2201F9B400698D2C /* pruebaTests.swift in Sources */ = {isa = PBXBuildFile; fileRef = 1A36D65B2201F9B400698D2C /* pruebaTests.swift */; };
		1A36D6672201F9B400698D2C /* pruebaUITests.swift in Sources */ = {isa = PBXBuildFile; fileRef = 1A36D6662201F9B400698D2C /* pruebaUITests.swift */; };
		1A36D6752201F9CE00698D2C /* putos.swift in Sources */ = {isa = PBXBuildFile; fileRef = 1A36D6742201F9CE00698D2C /* putos.swift */; };
/* End PBXBuildFile section */

/* Begin PBXContainerItemProxy section */
		1A36D6582201F9B400698D2C /* PBXContainerItemProxy */ = {
			isa = PBXContainerItemProxy;
			containerPortal = 1A36D63B2201F9B200698D2C /* Project object */;
			proxyType = 1;
			remoteGlobalIDString = 1A36D6422201F9B200698D2C;
			remoteInfo = prueba;
		};
		1A36D6632201F9B400698D2C /* PBXContainerItemProxy */ = {
			isa = PBXContainerItemProxy;
			containerPortal = 1A36D63B2201F9B200698D2C /* Project object */;
			proxyType = 1;
			remoteGlobalIDString = 1A36D6422201F9B200698D2C;
			remoteInfo = prueba;
		};
/* End PBXContainerItemProxy section */

/* Begin PBXFileReference section */
		1A36D6432201F9B200698D2C /* prueba.app */ = {isa = PBXFileReference; explicitFileType = wrapper.application; includeInIndex = 0; path = prueba.app; sourceTree = BUILT_PRODUCTS_DIR; };
		1A36D6462201F9B200698D2C /* AppDelegate.swift */ = {isa = PBXFileReference; lastKnownFileType = sourcecode.swift; path = AppDelegate.swift; sourceTree = "<group>"; };
		1A36D6482201F9B200698D2C /* ViewController.swift */ = {isa = PBXFileReference; lastKnownFileType = sourcecode.swift; path = ViewController.swift; sourceTree = "<group>"; };
		1A36D64B2201F9B200698D2C /* Base */ = {isa = PBXFileReference; lastKnownFileType = file.storyboard; name = Base; path = Base.lproj/Main.storyboard; sourceTree = "<group>"; };
		1A36D64D2201F9B400698D2C /* Assets.xcassets */ = {isa = PBXFileReference; lastKnownFileType = folder.assetcatalog; path = Assets.xcassets; sourceTree = "<group>"; };
		1A36D6502201F9B400698D2C /* Base */ = {isa = PBXFileReference; lastKnownFileType = file.storyboard; name = Base; path = Base.lproj/LaunchScreen.storyboard; sourceTree = "<group>"; };
		1A36D6522201F9B400698D2C /* Info.plist */ = {isa = PBXFileReference; lastKnownFileType = text.plist.xml; path = Info.plist; sourceTree = "<group>"; };
		1A36D6572201F9B400698D2C /* pruebaTests.xctest */ = {isa = PBXFileReference; explicitFileType = wrapper.cfbundle; includeInIndex = 0; path = pruebaTests.xctest; sourceTree = BUILT_PRODUCTS_DIR; };
		1A36D65B2201F9B400698D2C /* pruebaTests.swift */ = {isa = PBXFileReference; lastKnownFileType = sourcecode.swift; path = pruebaTests.swift; sourceTree = "<group>"; };
		1A36D65D2201F9B400698D2C /* Info.plist */ = {isa = PBXFileReference; lastKnownFileType = text.plist.xml; path = Info.plist; sourceTree = "<group>"; };
		1A36D6622201F9B400698D2C /* pruebaUITests.xctest */ = {isa = PBXFileReference; explicitFileType = wrapper.cfbundle; includeInIndex = 0; path = pruebaUITests.xctest; sourceTree = BUILT_PRODUCTS_DIR; };
		1A36D6662201F9B400698D2C /* pruebaUITests.swift */ = {isa = PBXFileReference; lastKnownFileType = sourcecode.swift; path = pruebaUITests.swift; sourceTree = "<group>"; };
		1A36D6682201F9B400698D2C /* Info.plist */ = {isa = PBXFileReference; lastKnownFileType = text.plist.xml; path = Info.plist; sourceTree = "<group>"; };
		1A36D6742201F9CE00698D2C /* putos.swift */ = {isa = PBXFileReference; lastKnownFileType = sourcecode.swift; path = putos.swift; sourceTree = "<group>"; };
/* End PBXFileReference section */

/* Begin PBXFrameworksBuildPhase section */
		1A36D6402201F9B200698D2C /* Frameworks */ = {
			isa = PBXFrameworksBuildPhase;
			buildActionMask = 2147483647;
			files = (
			);
			runOnlyForDeploymentPostprocessing = 0;
		};
		1A36D6542201F9B400698D2C /* Frameworks */ = {
			isa = PBXFrameworksBuildPhase;
			buildActionMask = 2147483647;
			files = (
			);
			runOnlyForDeploymentPostprocessing = 0;
		};
		1A36D65F2201F9B400698D2C /* Frameworks */ = {
			isa = PBXFrameworksBuildPhase;
			buildActionMask = 2147483647;
			files = (
			);
			runOnlyForDeploymentPostprocessing = 0;
		};
/* End PBXFrameworksBuildPhase section */

/* Begin PBXGroup section */
		1A36D63A2201F9B200698D2C = {
			isa = PBXGroup;
			children = (
				1A36D6452201F9B200698D2C /* prueba */,
				1A36D65A2201F9B400698D2C /* pruebaTests */,
				1A36D6652201F9B400698D2C /* pruebaUITests */,
				1A36D6442201F9B200698D2C /* Products */,
			);
			sourceTree = "<group>";
		};
		1A36D6442201F9B200698D2C /* Products */ = {
			isa = PBXGroup;
			children = (
				1A36D6432201F9B200698D2C /* prueba.app */,
				1A36D6572201F9B400698D2C /* pruebaTests.xctest */,
				1A36D6622201F9B400698D2C /* pruebaUITests.xctest */,
			);
			name = Products;
			sourceTree = "<group>";
		};
		1A36D6452201F9B200698D2C /* prueba */ = {
			isa = PBXGroup;
			children = (
				1A36D6462201F9B200698D2C /* AppDelegate.swift */,
				1A36D6482201F9B200698D2C /* ViewController.swift */,
				1A36D64A2201F9B200698D2C /* Main.storyboard */,
				1A36D64D2201F9B400698D2C /* Assets.xcassets */,
				1A36D64F2201F9B400698D2C /* LaunchScreen.storyboard */,
				1A36D6522201F9B400698D2C /* Info.plist */,
				1A36D6742201F9CE00698D2C /* putos.swift */,
			);
			path = prueba;
			sourceTree = "<group>";
		};
		1A36D65A2201F9B400698D2C /* pruebaTests */ = {
			isa = PBXGroup;
			children = (
				1A36D65B2201F9B400698D2C /* pruebaTests.swift */,
				1A36D65D2201F9B400698D2C /* Info.plist */,
			);
			path = pruebaTests;
			sourceTree = "<group>";
		};
		1A36D6652201F9B400698D2C /* pruebaUITests */ = {
			isa = PBXGroup;
			children = (
				1A36D6662201F9B400698D2C /* pruebaUITests.swift */,
				1A36D6682201F9B400698D2C /* Info.plist */,
			);
			path = pruebaUITests;
			sourceTree = "<group>";
		};
/* End PBXGroup section */

/* Begin PBXNativeTarget section */
		1A36D6422201F9B200698D2C /* prueba */ = {
			isa = PBXNativeTarget;
			buildConfigurationList = 1A36D66B2201F9B400698D2C /* Build configuration list for PBXNativeTarget "prueba" */;
			buildPhases = (
				1A36D63F2201F9B200698D2C /* Sources */,
				1A36D6402201F9B200698D2C /* Frameworks */,
				1A36D6412201F9B200698D2C /* Resources */,
			);
			buildRules = (
			);
			dependencies = (
			);
			name = prueba;
			productName = prueba;
			productReference = 1A36D6432201F9B200698D2C /* prueba.app */;
			productType = "com.apple.product-type.application";
		};
		1A36D6562201F9B400698D2C /* pruebaTests */ = {
			isa = PBXNativeTarget;
			buildConfigurationList = 1A36D66E2201F9B400698D2C /* Build configuration list for PBXNativeTarget "pruebaTests" */;
			buildPhases = (
				1A36D6532201F9B400698D2C /* Sources */,
				1A36D6542201F9B400698D2C /* Frameworks */,
				1A36D6552201F9B400698D2C /* Resources */,
			);
			buildRules = (
			);
			dependencies = (
				1A36D6592201F9B400698D2C /* PBXTargetDependency */,
			);
			name = pruebaTests;
			productName = pruebaTests;
			productReference = 1A36D6572201F9B400698D2C /* pruebaTests.xctest */;
			productType = "com.apple.product-type.bundle.unit-test";
		};
		1A36D6612201F9B400698D2C /* pruebaUITests */ = {
			isa = PBXNativeTarget;
			buildConfigurationList = 1A36D6712201F9B400698D2C /* Build configuration list for PBXNativeTarget "pruebaUITests" */;
			buildPhases = (
				1A36D65E2201F9B400698D2C /* Sources */,
				1A36D65F2201F9B400698D2C /* Frameworks */,
				1A36D6602201F9B400698D2C /* Resources */,
			);
			buildRules = (
			);
			dependencies = (
				1A36D6642201F9B400698D2C /* PBXTargetDependency */,
			);
			name = pruebaUITests;
			productName = pruebaUITests;
			productReference = 1A36D6622201F9B400698D2C /* pruebaUITests.xctest */;
			productType = "com.apple.product-type.bundle.ui-testing";
		};
/* End PBXNativeTarget section */

/* Begin PBXProject section */
		1A36D63B2201F9B200698D2C /* Project object */ = {
			isa = PBXProject;
			attributes = {
				LastSwiftUpdateCheck = 1010;
				LastUpgradeCheck = 1010;
				ORGANIZATIONNAME = "Universidad Politecnica de Gómez Palacio";
				TargetAttributes = {
					1A36D6422201F9B200698D2C = {
						CreatedOnToolsVersion = 10.1;
					};
					1A36D6562201F9B400698D2C = {
						CreatedOnToolsVersion = 10.1;
						TestTargetID = 1A36D6422201F9B200698D2C;
					};
					1A36D6612201F9B400698D2C = {
						CreatedOnToolsVersion = 10.1;
						TestTargetID = 1A36D6422201F9B200698D2C;
					};
				};
			};
			buildConfigurationList = 1A36D63E2201F9B200698D2C /* Build configuration list for PBXProject "prueba" */;
			compatibilityVersion = "Xcode 9.3";
			developmentRegion = en;
			hasScannedForEncodings = 0;
			knownRegions = (
				en,
				Base,
			);
			mainGroup = 1A36D63A2201F9B200698D2C;
			productRefGroup = 1A36D6442201F9B200698D2C /* Products */;
			projectDirPath = "";
			projectRoot = "";
			targets = (
				1A36D6422201F9B200698D2C /* prueba */,
				1A36D6562201F9B400698D2C /* pruebaTests */,
				1A36D6612201F9B400698D2C /* pruebaUITests */,
			);
		};
/* End PBXProject section */

/* Begin PBXResourcesBuildPhase section */
		1A36D6412201F9B200698D2C /* Resources */ = {
			isa = PBXResourcesBuildPhase;
			buildActionMask = 2147483647;
			files = (
				1A36D6512201F9B400698D2C /* LaunchScreen.storyboard in Resources */,
				1A36D64E2201F9B400698D2C /* Assets.xcassets in Resources */,
				1A36D64C2201F9B200698D2C /* Main.storyboard in Resources */,
			);
			runOnlyForDeploymentPostprocessing = 0;
		};
		1A36D6552201F9B400698D2C /* Resources */ = {
			isa = PBXResourcesBuildPhase;
			buildActionMask = 2147483647;
			files = (
			);
			runOnlyForDeploymentPostprocessing = 0;
		};
		1A36D6602201F9B400698D2C /* Resources */ = {
			isa = PBXResourcesBuildPhase;
			buildActionMask = 2147483647;
			files = (
			);
			runOnlyForDeploymentPostprocessing = 0;
		};
/* End PBXResourcesBuildPhase section */

/* Begin PBXSourcesBuildPhase section */
		1A36D63F2201F9B200698D2C /* Sources */ = {
			isa = PBXSourcesBuildPhase;
			buildActionMask = 2147483647;
			files = (
				1A36D6752201F9CE00698D2C /* putos.swift in Sources */,
				1A36D6492201F9B200698D2C /* ViewController.swift in Sources */,
				1A36D6472201F9B200698D2C /* AppDelegate.swift in Sources */,
			);
			runOnlyForDeploymentPostprocessing = 0;
		};
		1A36D6532201F9B400698D2C /* Sources */ = {
			isa = PBXSourcesBuildPhase;
			buildActionMask = 2147483647;
			files = (
				1A36D65C2201F9B400698D2C /* pruebaTests.swift in Sources */,
			);
			runOnlyForDeploymentPostprocessing = 0;
		};
		1A36D65E2201F9B400698D2C /* Sources */ = {
			isa = PBXSourcesBuildPhase;
			buildActionMask = 2147483647;
			files = (
				1A36D6672201F9B400698D2C /* pruebaUITests.swift in Sources */,
			);
			runOnlyForDeploymentPostprocessing = 0;
		};
/* End PBXSourcesBuildPhase section */

/* Begin PBXTargetDependency section */
		1A36D6592201F9B400698D2C /* PBXTargetDependency */ = {
			isa = PBXTargetDependency;
			target = 1A36D6422201F9B200698D2C /* prueba */;
			targetProxy = 1A36D6582201F9B400698D2C /* PBXContainerItemProxy */;
		};
		1A36D6642201F9B400698D2C /* PBXTargetDependency */ = {
			isa = PBXTargetDependency;
			target = 1A36D6422201F9B200698D2C /* prueba */;
			targetProxy = 1A36D6632201F9B400698D2C /* PBXContainerItemProxy */;
		};
/* End PBXTargetDependency section */

/* Begin PBXVariantGroup section */
		1A36D64A2201F9B200698D2C /* Main.storyboard */ = {
			isa = PBXVariantGroup;
			children = (
				1A36D64B2201F9B200698D2C /* Base */,
			);
			name = Main.storyboard;
			sourceTree = "<group>";
		};
		1A36D64F2201F9B400698D2C /* LaunchScreen.storyboard */ = {
			isa = PBXVariantGroup;
			children = (
				1A36D6502201F9B400698D2C /* Base */,
			);
			name = LaunchScreen.storyboard;
			sourceTree = "<group>";
		};
/* End PBXVariantGroup section */

/* Begin XCBuildConfiguration section */
		1A36D6692201F9B400698D2C /* Debug */ = {
			isa = XCBuildConfiguration;
			buildSettings = {
				ALWAYS_SEARCH_USER_PATHS = NO;
				CLANG_ANALYZER_NONNULL = YES;
				CLANG_ANALYZER_NUMBER_OBJECT_CONVERSION = YES_AGGRESSIVE;
				CLANG_CXX_LANGUAGE_STANDARD = "gnu++14";
				CLANG_CXX_LIBRARY = "libc++";
				CLANG_ENABLE_MODULES = YES;
				CLANG_ENABLE_OBJC_ARC = YES;
				CLANG_ENABLE_OBJC_WEAK = YES;
				CLANG_WARN_BLOCK_CAPTURE_AUTORELEASING = YES;
				CLANG_WARN_BOOL_CONVERSION = YES;
				CLANG_WARN_COMMA = YES;
				CLANG_WARN_CONSTANT_CONVERSION = YES;
				CLANG_WARN_DEPRECATED_OBJC_IMPLEMENTATIONS = YES;
				CLANG_WARN_DIRECT_OBJC_ISA_USAGE = YES_ERROR;
				CLANG_WARN_DOCUMENTATION_COMMENTS = YES;
				CLANG_WARN_EMPTY_BODY = YES;
				CLANG_WARN_ENUM_CONVERSION = YES;
				CLANG_WARN_INFINITE_RECURSION = YES;
				CLANG_WARN_INT_CONVERSION = YES;
				CLANG_WARN_NON_LITERAL_NULL_CONVERSION = YES;
				CLANG_WARN_OBJC_IMPLICIT_RETAIN_SELF = YES;
				CLANG_WARN_OBJC_LITERAL_CONVERSION = YES;
				CLANG_WARN_OBJC_ROOT_CLASS = YES_ERROR;
				CLANG_WARN_RANGE_LOOP_ANALYSIS = YES;
				CLANG_WARN_STRICT_PROTOTYPES = YES;
				CLANG_WARN_SUSPICIOUS_MOVE = YES;
				CLANG_WARN_UNGUARDED_AVAILABILITY = YES_AGGRESSIVE;
				CLANG_WARN_UNREACHABLE_CODE = YES;
				CLANG_WARN__DUPLICATE_METHOD_MATCH = YES;
				CODE_SIGN_IDENTITY = "iPhone Developer";
				COPY_PHASE_STRIP = NO;
				DEBUG_INFORMATION_FORMAT = dwarf;
				ENABLE_STRICT_OBJC_MSGSEND = YES;
				ENABLE_TESTABILITY = YES;
				GCC_C_LANGUAGE_STANDARD = gnu11;
				GCC_DYNAMIC_NO_PIC = NO;
				GCC_NO_COMMON_BLOCKS = YES;
				GCC_OPTIMIZATION_LEVEL = 0;
				GCC_PREPROCESSOR_DEFINITIONS = (
					"DEBUG=1",
					"$(inherited)",
				);
				GCC_WARN_64_TO_32_BIT_CONVERSION = YES;
				GCC_WARN_ABOUT_RETURN_TYPE = YES_ERROR;
				GCC_WARN_UNDECLARED_SELECTOR = YES;
				GCC_WARN_UNINITIALIZED_AUTOS = YES_AGGRESSIVE;
				GCC_WARN_UNUSED_FUNCTION = YES;
				GCC_WARN_UNUSED_VARIABLE = YES;
				IPHONEOS_DEPLOYMENT_TARGET = 12.1;
				MTL_ENABLE_DEBUG_INFO = INCLUDE_SOURCE;
				MTL_FAST_MATH = YES;
				ONLY_ACTIVE_ARCH = YES;
				SDKROOT = iphoneos;
				SWIFT_ACTIVE_COMPILATION_CONDITIONS = DEBUG;
				SWIFT_OPTIMIZATION_LEVEL = "-Onone";
			};
			name = Debug;
		};
		1A36D66A2201F9B400698D2C /* Release */ = {
			isa = XCBuildConfiguration;
			buildSettings = {
				ALWAYS_SEARCH_USER_PATHS = NO;
				CLANG_ANALYZER_NONNULL = YES;
				CLANG_ANALYZER_NUMBER_OBJECT_CONVERSION = YES_AGGRESSIVE;
				CLANG_CXX_LANGUAGE_STANDARD = "gnu++14";
				CLANG_CXX_LIBRARY = "libc++";
				CLANG_ENABLE_MODULES = YES;
				CLANG_ENABLE_OBJC_ARC = YES;
				CLANG_ENABLE_OBJC_WEAK = YES;
				CLANG_WARN_BLOCK_CAPTURE_AUTORELEASING = YES;
				CLANG_WARN_BOOL_CONVERSION = YES;
				CLANG_WARN_COMMA = YES;
				CLANG_WARN_CONSTANT_CONVERSION = YES;
				CLANG_WARN_DEPRECATED_OBJC_IMPLEMENTATIONS = YES;
				CLANG_WARN_DIRECT_OBJC_ISA_USAGE = YES_ERROR;
				CLANG_WARN_DOCUMENTATION_COMMENTS = YES;
				CLANG_WARN_EMPTY_BODY = YES;
				CLANG_WARN_ENUM_CONVERSION = YES;
				CLANG_WARN_INFINITE_RECURSION = YES;
				CLANG_WARN_INT_CONVERSION = YES;
				CLANG_WARN_NON_LITERAL_NULL_CONVERSION = YES;
				CLANG_WARN_OBJC_IMPLICIT_RETAIN_SELF = YES;
				CLANG_WARN_OBJC_LITERAL_CONVERSION = YES;
				CLANG_WARN_OBJC_ROOT_CLASS = YES_ERROR;
				CLANG_WARN_RANGE_LOOP_ANALYSIS = YES;
				CLANG_WARN_STRICT_PROTOTYPES = YES;
				CLANG_WARN_SUSPICIOUS_MOVE = YES;
				CLANG_WARN_UNGUARDED_AVAILABILITY = YES_AGGRESSIVE;
				CLANG_WARN_UNREACHABLE_CODE = YES;
				CLANG_WARN__DUPLICATE_METHOD_MATCH = YES;
				CODE_SIGN_IDENTITY = "iPhone Developer";
				COPY_PHASE_STRIP = NO;
				DEBUG_INFORMATION_FORMAT = "dwarf-with-dsym";
				ENABLE_NS_ASSERTIONS = NO;
				ENABLE_STRICT_OBJC_MSGSEND = YES;
				GCC_C_LANGUAGE_STANDARD = gnu11;
				GCC_NO_COMMON_BLOCKS = YES;
				GCC_WARN_64_TO_32_BIT_CONVERSION = YES;
				GCC_WARN_ABOUT_RETURN_TYPE = YES_ERROR;
				GCC_WARN_UNDECLARED_SELECTOR = YES;
				GCC_WARN_UNINITIALIZED_AUTOS = YES_AGGRESSIVE;
				GCC_WARN_UNUSED_FUNCTION = YES;
				GCC_WARN_UNUSED_VARIABLE = YES;
				IPHONEOS_DEPLOYMENT_TARGET = 12.1;
				MTL_ENABLE_DEBUG_INFO = NO;
				MTL_FAST_MATH = YES;
				SDKROOT = iphoneos;
				SWIFT_COMPILATION_MODE = wholemodule;
				SWIFT_OPTIMIZATION_LEVEL = "-O";
				VALIDATE_PRODUCT = YES;
			};
			name = Release;
		};
		1A36D66C2201F9B400698D2C /* Debug */ = {
			isa = XCBuildConfiguration;
			buildSettings = {
				ASSETCATALOG_COMPILER_APPICON_NAME = AppIcon;
				CODE_SIGN_STYLE = Automatic;
				INFOPLIST_FILE = prueba/Info.plist;
				LD_RUNPATH_SEARCH_PATHS = (
					"$(inherited)",
					"@executable_path/Frameworks",
				);
				PRODUCT_BUNDLE_IDENTIFIER = upgop.prueba;
				PRODUCT_NAME = "$(TARGET_NAME)";
				SWIFT_VERSION = 4.2;
				TARGETED_DEVICE_FAMILY = "1,2";
			};
			name = Debug;
		};
		1A36D66D2201F9B400698D2C /* Release */ = {
			isa = XCBuildConfiguration;
			buildSettings = {
				ASSETCATALOG_COMPILER_APPICON_NAME = AppIcon;
				CODE_SIGN_STYLE = Automatic;
				INFOPLIST_FILE = prueba/Info.plist;
				LD_RUNPATH_SEARCH_PATHS = (
					"$(inherited)",
					"@executable_path/Frameworks",
				);
				PRODUCT_BUNDLE_IDENTIFIER = upgop.prueba;
				PRODUCT_NAME = "$(TARGET_NAME)";
				SWIFT_VERSION = 4.2;
				TARGETED_DEVICE_FAMILY = "1,2";
			};
			name = Release;
		};
		1A36D66F2201F9B400698D2C /* Debug */ = {
			isa = XCBuildConfiguration;
			buildSettings = {
				ALWAYS_EMBED_SWIFT_STANDARD_LIBRARIES = YES;
				BUNDLE_LOADER = "$(TEST_HOST)";
				CODE_SIGN_STYLE = Automatic;
				INFOPLIST_FILE = pruebaTests/Info.plist;
				LD_RUNPATH_SEARCH_PATHS = (
					"$(inherited)",
					"@executable_path/Frameworks",
					"@loader_path/Frameworks",
				);
				PRODUCT_BUNDLE_IDENTIFIER = upgop.pruebaTests;
				PRODUCT_NAME = "$(TARGET_NAME)";
				SWIFT_VERSION = 4.2;
				TARGETED_DEVICE_FAMILY = "1,2";
				TEST_HOST = "$(BUILT_PRODUCTS_DIR)/prueba.app/prueba";
			};
			name = Debug;
		};
		1A36D6702201F9B400698D2C /* Release */ = {
			isa = XCBuildConfiguration;
			buildSettings = {
				ALWAYS_EMBED_SWIFT_STANDARD_LIBRARIES = YES;
				BUNDLE_LOADER = "$(TEST_HOST)";
				CODE_SIGN_STYLE = Automatic;
				INFOPLIST_FILE = pruebaTests/Info.plist;
				LD_RUNPATH_SEARCH_PATHS = (
					"$(inherited)",
					"@executable_path/Frameworks",
					"@loader_path/Frameworks",
				);
				PRODUCT_BUNDLE_IDENTIFIER = upgop.pruebaTests;
				PRODUCT_NAME = "$(TARGET_NAME)";
				SWIFT_VERSION = 4.2;
				TARGETED_DEVICE_FAMILY = "1,2";
				TEST_HOST = "$(BUILT_PRODUCTS_DIR)/prueba.app/prueba";
			};
			name = Release;
		};
		1A36D6722201F9B400698D2C /* Debug */ = {
			isa = XCBuildConfiguration;
			buildSettings = {
				ALWAYS_EMBED_SWIFT_STANDARD_LIBRARIES = YES;
				CODE_SIGN_STYLE = Automatic;
				INFOPLIST_FILE = pruebaUITests/Info.plist;
				LD_RUNPATH_SEARCH_PATHS = (
					"$(inherited)",
					"@executable_path/Frameworks",
					"@loader_path/Frameworks",
				);
				PRODUCT_BUNDLE_IDENTIFIER = upgop.pruebaUITests;
				PRODUCT_NAME = "$(TARGET_NAME)";
				SWIFT_VERSION = 4.2;
				TARGETED_DEVICE_FAMILY = "1,2";
				TEST_TARGET_NAME = prueba;
			};
			name = Debug;
		};
		1A36D6732201F9B400698D2C /* Release */ = {
			isa = XCBuildConfiguration;
			buildSettings = {
				ALWAYS_EMBED_SWIFT_STANDARD_LIBRARIES = YES;
				CODE_SIGN_STYLE = Automatic;
				INFOPLIST_FILE = pruebaUITests/Info.plist;
				LD_RUNPATH_SEARCH_PATHS = (
					"$(inherited)",
					"@executable_path/Frameworks",
					"@loader_path/Frameworks",
				);
				PRODUCT_BUNDLE_IDENTIFIER = upgop.pruebaUITests;
				PRODUCT_NAME = "$(TARGET_NAME)";
				SWIFT_VERSION = 4.2;
				TARGETED_DEVICE_FAMILY = "1,2";
				TEST_TARGET_NAME = prueba;
			};
			name = Release;
		};
/* End XCBuildConfiguration section */

/* Begin XCConfigurationList section */
		1A36D63E2201F9B200698D2C /* Build configuration list for PBXProject "prueba" */ = {
			isa = XCConfigurationList;
			buildConfigurations = (
				1A36D6692201F9B400698D2C /* Debug */,
				1A36D66A2201F9B400698D2C /* Release */,
			);
			defaultConfigurationIsVisible = 0;
			defaultConfigurationName = Release;
		};
		1A36D66B2201F9B400698D2C /* Build configuration list for PBXNativeTarget "prueba" */ = {
			isa = XCConfigurationList;
			buildConfigurations = (
				1A36D66C2201F9B400698D2C /* Debug */,
				1A36D66D2201F9B400698D2C /* Release */,
			);
			defaultConfigurationIsVisible = 0;
			defaultConfigurationName = Release;
		};
		1A36D66E2201F9B400698D2C /* Build configuration list for PBXNativeTarget "pruebaTests" */ = {
			isa = XCConfigurationList;
			buildConfigurations = (
				1A36D66F2201F9B400698D2C /* Debug */,
				1A36D6702201F9B400698D2C /* Release */,
			);
			defaultConfigurationIsVisible = 0;
			defaultConfigurationName = Release;
		};
		1A36D6712201F9B400698D2C /* Build configuration list for PBXNativeTarget "pruebaUITests" */ = {
			isa = XCConfigurationList;
			buildConfigurations = (
				1A36D6722201F9B400698D2C /* Debug */,
				1A36D6732201F9B400698D2C /* Release */,
			);
			defaultConfigurationIsVisible = 0;
			defaultConfigurationName = Release;
		};
/* End XCConfigurationList section */
	};
	rootObject = 1A36D63B2201F9B200698D2C /* Project object */;
}
